
Microsoft Visual Studio Solution File, Format Version 12.00
# Visual Studio Version 17
VisualStudioVersion = 17.8.34330.188
MinimumVisualStudioVersion = 10.0.40219.1
Project("{8BC9CEB8-8B4A-11D0-8D11-00A0C91BC942}") = "MoonWalkDBD", "MoonWalkDBD.vcxproj", "{91CE64F8-71AD-4121-B290-A74FAB4A5056}"
EndProject
Global
	GlobalSection(SolutionConfigurationPlatforms) = preSolution
		Debug|x64 = Debug|x64
		Debug|x86 = Debug|x86
		Release|x64 = Release|x64
		Release|x86 = Release|x86
	EndGlobalSection
	GlobalSection(ProjectConfigurationPlatforms) = postSolution
		{91CE64F8-71AD-4121-B290-A74FAB4A5056}.Debug|x64.ActiveCfg = Debug|x64
		{91CE64F8-71AD-4121-B290-A74FAB4A5056}.Debug|x64.Build.0 = Debug|x64
		{91CE64F8-71AD-4121-B290-A74FAB4A5056}.Debug|x86.ActiveCfg = Debug|Win32
		{91CE64F8-71AD-4121-B290-A74FAB4A5056}.Debug|x86.Build.0 = Debug|Win32
		{91CE64F8-71AD-4121-B290-A74FAB4A5056}.Release|x64.ActiveCfg = Release|x64
		{91CE64F8-71AD-4121-B290-A74FAB4A5056}.Release|x64.Build.0 = Release|x64
		{91CE64F8-71AD-4121-B290-A74FAB4A5056}.Release|x86.ActiveCfg = Release|Win32
		{91CE64F8-71AD-4121-B290-A74FAB4A5056}.Release|x86.Build.0 = Release|Win32
	EndGlobalSection
	GlobalSection(SolutionProperties) = preSolution
		HideSolutionNode = FALSE
	EndGlobalSection
	GlobalSection(ExtensibilityGlobals) = postSolution
		SolutionGuid = {9EAE2030-4888-487C-9C8C-F2170E507D83}
	EndGlobalSection
EndGlobal
